
Microsoft Visual Studio Solution File, Format Version 12.00
# Visual Studio Version 17
VisualStudioVersion = 17.2.32519.379
MinimumVisualStudioVersion = 10.0.40219.1
Project("{FAE04EC0-301F-11D3-BF4B-00C04F79EFBC}") = "MovieProjectDHAUZ", "MovieProjectDHAUZ\MovieProjectDHAUZ.csproj", "{0F3FB4C0-F5D7-4A29-9E22-9EF16E837B92}"
EndProject
Global
	GlobalSection(SolutionConfigurationPlatforms) = preSolution
		Debug|Any CPU = Debug|Any CPU
		Release|Any CPU = Release|Any CPU
	EndGlobalSection
	GlobalSection(ProjectConfigurationPlatforms) = postSolution
		{0F3FB4C0-F5D7-4A29-9E22-9EF16E837B92}.Debug|Any CPU.ActiveCfg = Debug|Any CPU
		{0F3FB4C0-F5D7-4A29-9E22-9EF16E837B92}.Debug|Any CPU.Build.0 = Debug|Any CPU
		{0F3FB4C0-F5D7-4A29-9E22-9EF16E837B92}.Release|Any CPU.ActiveCfg = Release|Any CPU
		{0F3FB4C0-F5D7-4A29-9E22-9EF16E837B92}.Release|Any CPU.Build.0 = Release|Any CPU
	EndGlobalSection
	GlobalSection(SolutionProperties) = preSolution
		HideSolutionNode = FALSE
	EndGlobalSection
	GlobalSection(ExtensibilityGlobals) = postSolution
		SolutionGuid = {577229DD-B1FB-46B5-BEB7-DC69B934C481}
	EndGlobalSection
EndGlobal
